
Microsoft Visual Studio Solution File, Format Version 12.00
# Visual Studio Version 17
VisualStudioVersion = 17.7.34031.279
MinimumVisualStudioVersion = 10.0.40219.1
Project("{8BC9CEB8-8B4A-11D0-8D11-00A0C91BC942}") = "Multilist", "Multilist\Multilist.vcxproj", "{84F563FA-F2F3-4E9C-865D-BD9CE1BD016F}"
EndProject
Global
	GlobalSection(SolutionConfigurationPlatforms) = preSolution
		Debug|x64 = Debug|x64
		Debug|x86 = Debug|x86
		Release|x64 = Release|x64
		Release|x86 = Release|x86
	EndGlobalSection
	GlobalSection(ProjectConfigurationPlatforms) = postSolution
		{84F563FA-F2F3-4E9C-865D-BD9CE1BD016F}.Debug|x64.ActiveCfg = Debug|x64
		{84F563FA-F2F3-4E9C-865D-BD9CE1BD016F}.Debug|x64.Build.0 = Debug|x64
		{84F563FA-F2F3-4E9C-865D-BD9CE1BD016F}.Debug|x86.ActiveCfg = Debug|Win32
		{84F563FA-F2F3-4E9C-865D-BD9CE1BD016F}.Debug|x86.Build.0 = Debug|Win32
		{84F563FA-F2F3-4E9C-865D-BD9CE1BD016F}.Release|x64.ActiveCfg = Release|x64
		{84F563FA-F2F3-4E9C-865D-BD9CE1BD016F}.Release|x64.Build.0 = Release|x64
		{84F563FA-F2F3-4E9C-865D-BD9CE1BD016F}.Release|x86.ActiveCfg = Release|Win32
		{84F563FA-F2F3-4E9C-865D-BD9CE1BD016F}.Release|x86.Build.0 = Release|Win32
	EndGlobalSection
	GlobalSection(SolutionProperties) = preSolution
		HideSolutionNode = FALSE
	EndGlobalSection
	GlobalSection(ExtensibilityGlobals) = postSolution
		SolutionGuid = {33F08661-67D3-4D5B-82C6-CF098D05A8B7}
	EndGlobalSection
EndGlobal
